<?xml version="1.0" encoding="UTF-8" standalone="yes" ?>
<CodeBlocks_project_file>
	<FileVersion major="1" minor="6" />
	<Project>
		<Option title="Tp-B2" />
		<Option pch_mode="2" />
		<Option compiler="gcc" />
		<Build>
			<Target title="Debug">
				<Option output="bin\Debug\Tp-B2" prefix_auto="1" extension_auto="1" />
				<Option working_dir="bin\Debug" />
				<Option object_output="obj\Debug\" />
				<Option type="1" />
				<Option compiler="gcc" />
				<Compiler>
					<Add option="-g" />
				</Compiler>
			</Target>
			<Target title="Release">
				<Option output="bin\Release\Tp-B2" prefix_auto="1" extension_auto="1" />
				<Option object_output="obj\Release\" />
				<Option type="1" />
				<Option compiler="gcc" />
				<Compiler>
					<Add option="-O2" />
				</Compiler>
				<Linker>
					<Add option="-s" />
				</Linker>
			</Target>
		</Build>
		<Compiler>
			<Add option="-fexpensive-optimizations" />
			<Add option="-Os" />
			<Add option="-O3" />
			<Add option="-Wall" />
			<Add option="-fexceptions" />
		</Compiler>
		<Unit filename="include\board.h" />
		<Unit filename="include\game.h" />
		<Unit filename="include\people.h" />
		<Unit filename="include\piece.h" />
		<Unit filename="include\player.h" />
		<Unit filename="main.cpp" />
		<Unit filename="src\board.cpp" />
		<Unit filename="src\game.cpp" />
		<Unit filename="src\people.cpp" />
		<Unit filename="src\piece.cpp" />
		<Unit filename="src\player.cpp" />
		<Extensions>
			<code_completion />
			<debugger />
		</Extensions>
	</Project>
</CodeBlocks_project_file>
