
Microsoft Visual Studio Solution File, Format Version 11.00
# Visual Studio 2010
Project("{FAE04EC0-301F-11D3-BF4B-00C04F79EFBC}") = "Klout", "Klout\Klout.csproj", "{439CD6F3-6F8C-4933-89C0-5F101EE30235}"
EndProject
Project("{2150E333-8FDC-42A3-9474-1A3956D46DE8}") = "Solution Items", "Solution Items", "{F9CB4415-2BA7-4A47-B083-9F819A4CC905}"
	ProjectSection(SolutionItems) = preProject
		Klout.vsmdi = Klout.vsmdi
		Local.testsettings = Local.testsettings
		TraceAndTestImpact.testsettings = TraceAndTestImpact.testsettings
	EndProjectSection
EndProject
Project("{FAE04EC0-301F-11D3-BF4B-00C04F79EFBC}") = "TestUnit", "TestUnit\TestUnit.csproj", "{E0C0FB18-6577-4DD5-9D4C-4D2137853486}"
EndProject
Global
	GlobalSection(TestCaseManagementSettings) = postSolution
		CategoryFile = Klout.vsmdi
	EndGlobalSection
	GlobalSection(SolutionConfigurationPlatforms) = preSolution
		Debug|Any CPU = Debug|Any CPU
		Debug|Mixed Platforms = Debug|Mixed Platforms
		Debug|x86 = Debug|x86
		Release|Any CPU = Release|Any CPU
		Release|Mixed Platforms = Release|Mixed Platforms
		Release|x86 = Release|x86
	EndGlobalSection
	GlobalSection(ProjectConfigurationPlatforms) = postSolution
		{439CD6F3-6F8C-4933-89C0-5F101EE30235}.Debug|Any CPU.ActiveCfg = Debug|x86
		{439CD6F3-6F8C-4933-89C0-5F101EE30235}.Debug|Mixed Platforms.ActiveCfg = Debug|x86
		{439CD6F3-6F8C-4933-89C0-5F101EE30235}.Debug|Mixed Platforms.Build.0 = Debug|x86
		{439CD6F3-6F8C-4933-89C0-5F101EE30235}.Debug|x86.ActiveCfg = Debug|x86
		{439CD6F3-6F8C-4933-89C0-5F101EE30235}.Debug|x86.Build.0 = Debug|x86
		{439CD6F3-6F8C-4933-89C0-5F101EE30235}.Release|Any CPU.ActiveCfg = Release|x86
		{439CD6F3-6F8C-4933-89C0-5F101EE30235}.Release|Mixed Platforms.ActiveCfg = Release|x86
		{439CD6F3-6F8C-4933-89C0-5F101EE30235}.Release|Mixed Platforms.Build.0 = Release|x86
		{439CD6F3-6F8C-4933-89C0-5F101EE30235}.Release|x86.ActiveCfg = Release|x86
		{439CD6F3-6F8C-4933-89C0-5F101EE30235}.Release|x86.Build.0 = Release|x86
		{E0C0FB18-6577-4DD5-9D4C-4D2137853486}.Debug|Any CPU.ActiveCfg = Debug|Any CPU
		{E0C0FB18-6577-4DD5-9D4C-4D2137853486}.Debug|Any CPU.Build.0 = Debug|Any CPU
		{E0C0FB18-6577-4DD5-9D4C-4D2137853486}.Debug|Mixed Platforms.ActiveCfg = Debug|Any CPU
		{E0C0FB18-6577-4DD5-9D4C-4D2137853486}.Debug|Mixed Platforms.Build.0 = Debug|Any CPU
		{E0C0FB18-6577-4DD5-9D4C-4D2137853486}.Debug|x86.ActiveCfg = Debug|Any CPU
		{E0C0FB18-6577-4DD5-9D4C-4D2137853486}.Release|Any CPU.ActiveCfg = Release|Any CPU
		{E0C0FB18-6577-4DD5-9D4C-4D2137853486}.Release|Any CPU.Build.0 = Release|Any CPU
		{E0C0FB18-6577-4DD5-9D4C-4D2137853486}.Release|Mixed Platforms.ActiveCfg = Release|Any CPU
		{E0C0FB18-6577-4DD5-9D4C-4D2137853486}.Release|Mixed Platforms.Build.0 = Release|Any CPU
		{E0C0FB18-6577-4DD5-9D4C-4D2137853486}.Release|x86.ActiveCfg = Release|Any CPU
	EndGlobalSection
	GlobalSection(SolutionProperties) = preSolution
		HideSolutionNode = FALSE
	EndGlobalSection
EndGlobal
